
Microsoft Visual Studio Solution File, Format Version 12.00
# Visual Studio Version 17
VisualStudioVersion = 17.0.32112.339
MinimumVisualStudioVersion = 10.0.40219.1
Project("{9A19103F-16F7-4668-BE54-9A1E7A4F7556}") = "IteracjaEuklides", "IteracjaEuklides\IteracjaEuklides.csproj", "{77187D97-A0FB-4E8B-A082-53F2DA5067BC}"
EndProject
Project("{2150E333-8FDC-42A3-9474-1A3956D46DE8}") = "1_AlgorytmyDlaPoczatkujacych", "1_AlgorytmyDlaPoczatkujacych", "{999E3524-4FB0-4E24-AE01-1B87DE908C98}"
EndProject
Project("{9A19103F-16F7-4668-BE54-9A1E7A4F7556}") = "1_WartoscBezwzgledna", "1_WartoscBezwzgledna\1_WartoscBezwzgledna.csproj", "{519C0E49-1F17-4EE1-8CF6-78343F279A1E}"
EndProject
Project("{9A19103F-16F7-4668-BE54-9A1E7A4F7556}") = "2_SumaElementowTablicy", "2_SumaElementowTablicy\2_SumaElementowTablicy.csproj", "{390D3FBD-DB66-4D0A-87EA-BD07C85AEF34}"
EndProject
Project("{9A19103F-16F7-4668-BE54-9A1E7A4F7556}") = "3_ZliczanieWystapienElementuWTablicy", "3_ZliczanieWystapienElementuWTablicy\3_ZliczanieWystapienElementuWTablicy.csproj", "{6A85B87B-0C34-4EF7-BA94-34E389A72BF1}"
EndProject
Project("{9A19103F-16F7-4668-BE54-9A1E7A4F7556}") = "4_SzukanieElementuMinMax", "4_SzukanieElementuMinMax\4_SzukanieElementuMinMax.csproj", "{9082D744-7A5C-497C-8316-CDAC456CFEE7}"
EndProject
Project("{9A19103F-16F7-4668-BE54-9A1E7A4F7556}") = "5_SzukanieZadanegoElementu", "5_SzukanieZadanegoElementu\5_SzukanieZadanegoElementu.csproj", "{27FCE9E2-1B90-4F18-AEE4-9AC9762EB9EB}"
EndProject
Project("{9A19103F-16F7-4668-BE54-9A1E7A4F7556}") = "6_SzukanieElementuZWartownikiem", "6_SzukanieElementuZWartownikiem\6_SzukanieElementuZWartownikiem.csproj", "{5560846F-7409-4A73-9F0C-C864063B79D2}"
EndProject
Project("{9A19103F-16F7-4668-BE54-9A1E7A4F7556}") = "7_SzukaniePolowkowe_Binarne", "7_SzukaniePolowkowe_Binarne\7_SzukaniePolowkowe_Binarne.csproj", "{BD5405A7-4983-41F1-B062-203D93EE708D}"
EndProject
Project("{9A19103F-16F7-4668-BE54-9A1E7A4F7556}") = "8_SumaCyfrLiczbyCalkowitej", "8_SumaCyfrLiczbyCalkowitej\8_SumaCyfrLiczbyCalkowitej.csproj", "{8D1553F1-01A0-488E-A1FC-681FDBC937F3}"
EndProject
Project("{9A19103F-16F7-4668-BE54-9A1E7A4F7556}") = "9_Potegowanie", "9_Potegowanie\9_Potegowanie.csproj", "{EAF27842-7AAB-4288-B1ED-3EDFF8978EB7}"
EndProject
Project("{9A19103F-16F7-4668-BE54-9A1E7A4F7556}") = "10_PotegowanieZUwzglednieniemWykladnikowUjemnych", "10_PotegowanieZUwzglednieniemWykladnikowUjemnych\10_PotegowanieZUwzglednieniemWykladnikowUjemnych.csproj", "{DB01C121-4F56-4248-B68A-A0E9EFF05D8D}"
EndProject
Project("{9A19103F-16F7-4668-BE54-9A1E7A4F7556}") = "11_SredniaArytmetyczna", "11_SredniaArytmetyczna\11_SredniaArytmetyczna.csproj", "{5AF3E1F3-DDD1-40A5-8184-91455397F088}"
EndProject
Project("{9A19103F-16F7-4668-BE54-9A1E7A4F7556}") = "12_TestParzystosci", "12_TestParzystosci\12_TestParzystosci.csproj", "{929AF13B-CC51-4C4E-92E1-960828415B36}"
EndProject
Project("{9A19103F-16F7-4668-BE54-9A1E7A4F7556}") = "13_WyznaczenieDominanty", "13_WyznaczenieDominanty\13_WyznaczenieDominanty.csproj", "{3A73752C-1AF9-4C58-9362-9860F1B65ABF}"
EndProject
Project("{9A19103F-16F7-4668-BE54-9A1E7A4F7556}") = "14_NaprzemiennoscDuzychIMalychLiterWTekscie", "14_NaprzemiennoscDuzychIMalychLiterWTekscie\14_NaprzemiennoscDuzychIMalychLiterWTekscie.csproj", "{9BFA6084-B16F-40F6-B8B2-05837AF56BAE}"
EndProject
Project("{2150E333-8FDC-42A3-9474-1A3956D46DE8}") = "2_AlgorytmySortowania", "2_AlgorytmySortowania", "{CD4D37ED-946A-41F5-B195-EFEB4E821FDE}"
EndProject
Project("{9A19103F-16F7-4668-BE54-9A1E7A4F7556}") = "1_SortowanieBabelkowe", "1_SortowanieBabelkowe\1_SortowanieBabelkowe.csproj", "{C77AB03D-F43C-4073-9F06-8285EE63360F}"
EndProject
Project("{9A19103F-16F7-4668-BE54-9A1E7A4F7556}") = "2_SortowaniePrzezWstawianie", "2_SortowaniePrzezWstawianie\2_SortowaniePrzezWstawianie.csproj", "{24AA3658-3CCB-4BAA-81CF-353EC92CAA4F}"
EndProject
Project("{9A19103F-16F7-4668-BE54-9A1E7A4F7556}") = "3_SortowaniePrzezWybor", "3_SortowaniePrzezWybor\3_SortowaniePrzezWybor.csproj", "{DCF68783-4624-43B6-8E62-C8E537201C4C}"
EndProject
Project("{9A19103F-16F7-4668-BE54-9A1E7A4F7556}") = "4_SortowanieSzybkie", "4_SortowanieSzybkie\4_SortowanieSzybkie.csproj", "{7A91D2E7-4AA8-4ACD-8BFE-A77845873082}"
EndProject
Project("{9A19103F-16F7-4668-BE54-9A1E7A4F7556}") = "5_SortowaniePrzezKopcowanie", "5_SortowaniePrzezKopcowanie\5_SortowaniePrzezKopcowanie.csproj", "{0F099307-3FB9-46ED-9821-FC0705A961CE}"
EndProject
Project("{2150E333-8FDC-42A3-9474-1A3956D46DE8}") = "3_Rekurencja", "3_Rekurencja", "{08119392-611E-4AB5-A140-F956610737F0}"
EndProject
Project("{9A19103F-16F7-4668-BE54-9A1E7A4F7556}") = "1_SumowanieRekurencyjne", "1_SumowanieRekurencyjne\1_SumowanieRekurencyjne.csproj", "{7900C00F-59E7-4C35-9196-904E782C7825}"
EndProject
Project("{9A19103F-16F7-4668-BE54-9A1E7A4F7556}") = "2_SilniaRekurencyjna", "2_SilniaRekurencyjna\2_SilniaRekurencyjna.csproj", "{2DCB48F0-F73E-4826-B181-A57EC9A39D1B}"
EndProject
Project("{9A19103F-16F7-4668-BE54-9A1E7A4F7556}") = "3_FibonacciRekurencyjne", "3_FibonacciRekurencyjne\3_FibonacciRekurencyjne.csproj", "{77D48604-785C-4D71-BF89-B57E6B254203}"
EndProject
Project("{FAE04EC0-301F-11D3-BF4B-00C04F79EFBC}") = "6_SortowaniePrzezZliczanie", "6_SortowaniePrzezZliczanie\6_SortowaniePrzezZliczanie.csproj", "{82081897-2F5C-473E-9275-AADD7EDE8411}"
EndProject
Global
	GlobalSection(SolutionConfigurationPlatforms) = preSolution
		Debug|Any CPU = Debug|Any CPU
		Release|Any CPU = Release|Any CPU
	EndGlobalSection
	GlobalSection(ProjectConfigurationPlatforms) = postSolution
		{77187D97-A0FB-4E8B-A082-53F2DA5067BC}.Debug|Any CPU.ActiveCfg = Debug|Any CPU
		{77187D97-A0FB-4E8B-A082-53F2DA5067BC}.Debug|Any CPU.Build.0 = Debug|Any CPU
		{77187D97-A0FB-4E8B-A082-53F2DA5067BC}.Release|Any CPU.ActiveCfg = Release|Any CPU
		{77187D97-A0FB-4E8B-A082-53F2DA5067BC}.Release|Any CPU.Build.0 = Release|Any CPU
		{519C0E49-1F17-4EE1-8CF6-78343F279A1E}.Debug|Any CPU.ActiveCfg = Debug|Any CPU
		{519C0E49-1F17-4EE1-8CF6-78343F279A1E}.Debug|Any CPU.Build.0 = Debug|Any CPU
		{519C0E49-1F17-4EE1-8CF6-78343F279A1E}.Release|Any CPU.ActiveCfg = Release|Any CPU
		{519C0E49-1F17-4EE1-8CF6-78343F279A1E}.Release|Any CPU.Build.0 = Release|Any CPU
		{390D3FBD-DB66-4D0A-87EA-BD07C85AEF34}.Debug|Any CPU.ActiveCfg = Debug|Any CPU
		{390D3FBD-DB66-4D0A-87EA-BD07C85AEF34}.Debug|Any CPU.Build.0 = Debug|Any CPU
		{390D3FBD-DB66-4D0A-87EA-BD07C85AEF34}.Release|Any CPU.ActiveCfg = Release|Any CPU
		{390D3FBD-DB66-4D0A-87EA-BD07C85AEF34}.Release|Any CPU.Build.0 = Release|Any CPU
		{6A85B87B-0C34-4EF7-BA94-34E389A72BF1}.Debug|Any CPU.ActiveCfg = Debug|Any CPU
		{6A85B87B-0C34-4EF7-BA94-34E389A72BF1}.Debug|Any CPU.Build.0 = Debug|Any CPU
		{6A85B87B-0C34-4EF7-BA94-34E389A72BF1}.Release|Any CPU.ActiveCfg = Release|Any CPU
		{6A85B87B-0C34-4EF7-BA94-34E389A72BF1}.Release|Any CPU.Build.0 = Release|Any CPU
		{9082D744-7A5C-497C-8316-CDAC456CFEE7}.Debug|Any CPU.ActiveCfg = Debug|Any CPU
		{9082D744-7A5C-497C-8316-CDAC456CFEE7}.Debug|Any CPU.Build.0 = Debug|Any CPU
		{9082D744-7A5C-497C-8316-CDAC456CFEE7}.Release|Any CPU.ActiveCfg = Release|Any CPU
		{9082D744-7A5C-497C-8316-CDAC456CFEE7}.Release|Any CPU.Build.0 = Release|Any CPU
		{27FCE9E2-1B90-4F18-AEE4-9AC9762EB9EB}.Debug|Any CPU.ActiveCfg = Debug|Any CPU
		{27FCE9E2-1B90-4F18-AEE4-9AC9762EB9EB}.Debug|Any CPU.Build.0 = Debug|Any CPU
		{27FCE9E2-1B90-4F18-AEE4-9AC9762EB9EB}.Release|Any CPU.ActiveCfg = Release|Any CPU
		{27FCE9E2-1B90-4F18-AEE4-9AC9762EB9EB}.Release|Any CPU.Build.0 = Release|Any CPU
		{5560846F-7409-4A73-9F0C-C864063B79D2}.Debug|Any CPU.ActiveCfg = Debug|Any CPU
		{5560846F-7409-4A73-9F0C-C864063B79D2}.Debug|Any CPU.Build.0 = Debug|Any CPU
		{5560846F-7409-4A73-9F0C-C864063B79D2}.Release|Any CPU.ActiveCfg = Release|Any CPU
		{5560846F-7409-4A73-9F0C-C864063B79D2}.Release|Any CPU.Build.0 = Release|Any CPU
		{BD5405A7-4983-41F1-B062-203D93EE708D}.Debug|Any CPU.ActiveCfg = Debug|Any CPU
		{BD5405A7-4983-41F1-B062-203D93EE708D}.Debug|Any CPU.Build.0 = Debug|Any CPU
		{BD5405A7-4983-41F1-B062-203D93EE708D}.Release|Any CPU.ActiveCfg = Release|Any CPU
		{BD5405A7-4983-41F1-B062-203D93EE708D}.Release|Any CPU.Build.0 = Release|Any CPU
		{8D1553F1-01A0-488E-A1FC-681FDBC937F3}.Debug|Any CPU.ActiveCfg = Debug|Any CPU
		{8D1553F1-01A0-488E-A1FC-681FDBC937F3}.Debug|Any CPU.Build.0 = Debug|Any CPU
		{8D1553F1-01A0-488E-A1FC-681FDBC937F3}.Release|Any CPU.ActiveCfg = Release|Any CPU
		{8D1553F1-01A0-488E-A1FC-681FDBC937F3}.Release|Any CPU.Build.0 = Release|Any CPU
		{EAF27842-7AAB-4288-B1ED-3EDFF8978EB7}.Debug|Any CPU.ActiveCfg = Debug|Any CPU
		{EAF27842-7AAB-4288-B1ED-3EDFF8978EB7}.Debug|Any CPU.Build.0 = Debug|Any CPU
		{EAF27842-7AAB-4288-B1ED-3EDFF8978EB7}.Release|Any CPU.ActiveCfg = Release|Any CPU
		{EAF27842-7AAB-4288-B1ED-3EDFF8978EB7}.Release|Any CPU.Build.0 = Release|Any CPU
		{DB01C121-4F56-4248-B68A-A0E9EFF05D8D}.Debug|Any CPU.ActiveCfg = Debug|Any CPU
		{DB01C121-4F56-4248-B68A-A0E9EFF05D8D}.Debug|Any CPU.Build.0 = Debug|Any CPU
		{DB01C121-4F56-4248-B68A-A0E9EFF05D8D}.Release|Any CPU.ActiveCfg = Release|Any CPU
		{DB01C121-4F56-4248-B68A-A0E9EFF05D8D}.Release|Any CPU.Build.0 = Release|Any CPU
		{5AF3E1F3-DDD1-40A5-8184-91455397F088}.Debug|Any CPU.ActiveCfg = Debug|Any CPU
		{5AF3E1F3-DDD1-40A5-8184-91455397F088}.Debug|Any CPU.Build.0 = Debug|Any CPU
		{5AF3E1F3-DDD1-40A5-8184-91455397F088}.Release|Any CPU.ActiveCfg = Release|Any CPU
		{5AF3E1F3-DDD1-40A5-8184-91455397F088}.Release|Any CPU.Build.0 = Release|Any CPU
		{929AF13B-CC51-4C4E-92E1-960828415B36}.Debug|Any CPU.ActiveCfg = Debug|Any CPU
		{929AF13B-CC51-4C4E-92E1-960828415B36}.Debug|Any CPU.Build.0 = Debug|Any CPU
		{929AF13B-CC51-4C4E-92E1-960828415B36}.Release|Any CPU.ActiveCfg = Release|Any CPU
		{929AF13B-CC51-4C4E-92E1-960828415B36}.Release|Any CPU.Build.0 = Release|Any CPU
		{3A73752C-1AF9-4C58-9362-9860F1B65ABF}.Debug|Any CPU.ActiveCfg = Debug|Any CPU
		{3A73752C-1AF9-4C58-9362-9860F1B65ABF}.Debug|Any CPU.Build.0 = Debug|Any CPU
		{3A73752C-1AF9-4C58-9362-9860F1B65ABF}.Release|Any CPU.ActiveCfg = Release|Any CPU
		{3A73752C-1AF9-4C58-9362-9860F1B65ABF}.Release|Any CPU.Build.0 = Release|Any CPU
		{9BFA6084-B16F-40F6-B8B2-05837AF56BAE}.Debug|Any CPU.ActiveCfg = Debug|Any CPU
		{9BFA6084-B16F-40F6-B8B2-05837AF56BAE}.Debug|Any CPU.Build.0 = Debug|Any CPU
		{9BFA6084-B16F-40F6-B8B2-05837AF56BAE}.Release|Any CPU.ActiveCfg = Release|Any CPU
		{9BFA6084-B16F-40F6-B8B2-05837AF56BAE}.Release|Any CPU.Build.0 = Release|Any CPU
		{C77AB03D-F43C-4073-9F06-8285EE63360F}.Debug|Any CPU.ActiveCfg = Debug|Any CPU
		{C77AB03D-F43C-4073-9F06-8285EE63360F}.Debug|Any CPU.Build.0 = Debug|Any CPU
		{C77AB03D-F43C-4073-9F06-8285EE63360F}.Release|Any CPU.ActiveCfg = Release|Any CPU
		{C77AB03D-F43C-4073-9F06-8285EE63360F}.Release|Any CPU.Build.0 = Release|Any CPU
		{24AA3658-3CCB-4BAA-81CF-353EC92CAA4F}.Debug|Any CPU.ActiveCfg = Debug|Any CPU
		{24AA3658-3CCB-4BAA-81CF-353EC92CAA4F}.Debug|Any CPU.Build.0 = Debug|Any CPU
		{24AA3658-3CCB-4BAA-81CF-353EC92CAA4F}.Release|Any CPU.ActiveCfg = Release|Any CPU
		{24AA3658-3CCB-4BAA-81CF-353EC92CAA4F}.Release|Any CPU.Build.0 = Release|Any CPU
		{DCF68783-4624-43B6-8E62-C8E537201C4C}.Debug|Any CPU.ActiveCfg = Debug|Any CPU
		{DCF68783-4624-43B6-8E62-C8E537201C4C}.Debug|Any CPU.Build.0 = Debug|Any CPU
		{DCF68783-4624-43B6-8E62-C8E537201C4C}.Release|Any CPU.ActiveCfg = Release|Any CPU
		{DCF68783-4624-43B6-8E62-C8E537201C4C}.Release|Any CPU.Build.0 = Release|Any CPU
		{7A91D2E7-4AA8-4ACD-8BFE-A77845873082}.Debug|Any CPU.ActiveCfg = Debug|Any CPU
		{7A91D2E7-4AA8-4ACD-8BFE-A77845873082}.Debug|Any CPU.Build.0 = Debug|Any CPU
		{7A91D2E7-4AA8-4ACD-8BFE-A77845873082}.Release|Any CPU.ActiveCfg = Release|Any CPU
		{7A91D2E7-4AA8-4ACD-8BFE-A77845873082}.Release|Any CPU.Build.0 = Release|Any CPU
		{0F099307-3FB9-46ED-9821-FC0705A961CE}.Debug|Any CPU.ActiveCfg = Debug|Any CPU
		{0F099307-3FB9-46ED-9821-FC0705A961CE}.Debug|Any CPU.Build.0 = Debug|Any CPU
		{0F099307-3FB9-46ED-9821-FC0705A961CE}.Release|Any CPU.ActiveCfg = Release|Any CPU
		{0F099307-3FB9-46ED-9821-FC0705A961CE}.Release|Any CPU.Build.0 = Release|Any CPU
		{7900C00F-59E7-4C35-9196-904E782C7825}.Debug|Any CPU.ActiveCfg = Debug|Any CPU
		{7900C00F-59E7-4C35-9196-904E782C7825}.Debug|Any CPU.Build.0 = Debug|Any CPU
		{7900C00F-59E7-4C35-9196-904E782C7825}.Release|Any CPU.ActiveCfg = Release|Any CPU
		{7900C00F-59E7-4C35-9196-904E782C7825}.Release|Any CPU.Build.0 = Release|Any CPU
		{2DCB48F0-F73E-4826-B181-A57EC9A39D1B}.Debug|Any CPU.ActiveCfg = Debug|Any CPU
		{2DCB48F0-F73E-4826-B181-A57EC9A39D1B}.Debug|Any CPU.Build.0 = Debug|Any CPU
		{2DCB48F0-F73E-4826-B181-A57EC9A39D1B}.Release|Any CPU.ActiveCfg = Release|Any CPU
		{2DCB48F0-F73E-4826-B181-A57EC9A39D1B}.Release|Any CPU.Build.0 = Release|Any CPU
		{77D48604-785C-4D71-BF89-B57E6B254203}.Debug|Any CPU.ActiveCfg = Debug|Any CPU
		{77D48604-785C-4D71-BF89-B57E6B254203}.Debug|Any CPU.Build.0 = Debug|Any CPU
		{77D48604-785C-4D71-BF89-B57E6B254203}.Release|Any CPU.ActiveCfg = Release|Any CPU
		{77D48604-785C-4D71-BF89-B57E6B254203}.Release|Any CPU.Build.0 = Release|Any CPU
		{82081897-2F5C-473E-9275-AADD7EDE8411}.Debug|Any CPU.ActiveCfg = Debug|Any CPU
		{82081897-2F5C-473E-9275-AADD7EDE8411}.Debug|Any CPU.Build.0 = Debug|Any CPU
		{82081897-2F5C-473E-9275-AADD7EDE8411}.Release|Any CPU.ActiveCfg = Release|Any CPU
		{82081897-2F5C-473E-9275-AADD7EDE8411}.Release|Any CPU.Build.0 = Release|Any CPU
	EndGlobalSection
	GlobalSection(SolutionProperties) = preSolution
		HideSolutionNode = FALSE
	EndGlobalSection
	GlobalSection(NestedProjects) = preSolution
		{519C0E49-1F17-4EE1-8CF6-78343F279A1E} = {999E3524-4FB0-4E24-AE01-1B87DE908C98}
		{390D3FBD-DB66-4D0A-87EA-BD07C85AEF34} = {999E3524-4FB0-4E24-AE01-1B87DE908C98}
		{6A85B87B-0C34-4EF7-BA94-34E389A72BF1} = {999E3524-4FB0-4E24-AE01-1B87DE908C98}
		{9082D744-7A5C-497C-8316-CDAC456CFEE7} = {999E3524-4FB0-4E24-AE01-1B87DE908C98}
		{27FCE9E2-1B90-4F18-AEE4-9AC9762EB9EB} = {999E3524-4FB0-4E24-AE01-1B87DE908C98}
		{5560846F-7409-4A73-9F0C-C864063B79D2} = {999E3524-4FB0-4E24-AE01-1B87DE908C98}
		{BD5405A7-4983-41F1-B062-203D93EE708D} = {999E3524-4FB0-4E24-AE01-1B87DE908C98}
		{8D1553F1-01A0-488E-A1FC-681FDBC937F3} = {999E3524-4FB0-4E24-AE01-1B87DE908C98}
		{EAF27842-7AAB-4288-B1ED-3EDFF8978EB7} = {999E3524-4FB0-4E24-AE01-1B87DE908C98}
		{DB01C121-4F56-4248-B68A-A0E9EFF05D8D} = {999E3524-4FB0-4E24-AE01-1B87DE908C98}
		{5AF3E1F3-DDD1-40A5-8184-91455397F088} = {999E3524-4FB0-4E24-AE01-1B87DE908C98}
		{929AF13B-CC51-4C4E-92E1-960828415B36} = {999E3524-4FB0-4E24-AE01-1B87DE908C98}
		{3A73752C-1AF9-4C58-9362-9860F1B65ABF} = {999E3524-4FB0-4E24-AE01-1B87DE908C98}
		{9BFA6084-B16F-40F6-B8B2-05837AF56BAE} = {999E3524-4FB0-4E24-AE01-1B87DE908C98}
		{C77AB03D-F43C-4073-9F06-8285EE63360F} = {CD4D37ED-946A-41F5-B195-EFEB4E821FDE}
		{24AA3658-3CCB-4BAA-81CF-353EC92CAA4F} = {CD4D37ED-946A-41F5-B195-EFEB4E821FDE}
		{DCF68783-4624-43B6-8E62-C8E537201C4C} = {CD4D37ED-946A-41F5-B195-EFEB4E821FDE}
		{7A91D2E7-4AA8-4ACD-8BFE-A77845873082} = {CD4D37ED-946A-41F5-B195-EFEB4E821FDE}
		{0F099307-3FB9-46ED-9821-FC0705A961CE} = {CD4D37ED-946A-41F5-B195-EFEB4E821FDE}
		{7900C00F-59E7-4C35-9196-904E782C7825} = {08119392-611E-4AB5-A140-F956610737F0}
		{2DCB48F0-F73E-4826-B181-A57EC9A39D1B} = {08119392-611E-4AB5-A140-F956610737F0}
		{77D48604-785C-4D71-BF89-B57E6B254203} = {08119392-611E-4AB5-A140-F956610737F0}
		{82081897-2F5C-473E-9275-AADD7EDE8411} = {CD4D37ED-946A-41F5-B195-EFEB4E821FDE}
	EndGlobalSection
	GlobalSection(ExtensibilityGlobals) = postSolution
		SolutionGuid = {893188A1-43D6-43E3-85C0-CF8B254169D3}
	EndGlobalSection
EndGlobal
