
Microsoft Visual Studio Solution File, Format Version 12.00
# Visual Studio Version 17
VisualStudioVersion = 17.0.32112.339
MinimumVisualStudioVersion = 10.0.40219.1
Project("{9A19103F-16F7-4668-BE54-9A1E7A4F7556}") = "IteracjaEuklides", "IteracjaEuklides\IteracjaEuklides.csproj", "{77187D97-A0FB-4E8B-A082-53F2DA5067BC}"
EndProject
Project("{9A19103F-16F7-4668-BE54-9A1E7A4F7556}") = "IteracjaWyszukiwanieBinarne", "IteracjaWyszukiwanieBinarne\IteracjaWyszukiwanieBinarne.csproj", "{A7EE4895-7840-4F45-9D19-7801AF13A12A}"
EndProject
Project("{2150E333-8FDC-42A3-9474-1A3956D46DE8}") = "AlgorytmyDlaPoczatkujacych", "AlgorytmyDlaPoczatkujacych", "{999E3524-4FB0-4E24-AE01-1B87DE908C98}"
EndProject
Project("{FAE04EC0-301F-11D3-BF4B-00C04F79EFBC}") = "1_WartoscBezwzgledna", "1_WartoscBezwzgledna\1_WartoscBezwzgledna.csproj", "{519C0E49-1F17-4EE1-8CF6-78343F279A1E}"
EndProject
Project("{FAE04EC0-301F-11D3-BF4B-00C04F79EFBC}") = "2_SumaElementowTablicy", "2_SumaElementowTablicy\2_SumaElementowTablicy.csproj", "{390D3FBD-DB66-4D0A-87EA-BD07C85AEF34}"
EndProject
Project("{FAE04EC0-301F-11D3-BF4B-00C04F79EFBC}") = "3_ZliczanieWystapienElementuWTablicy", "3_ZliczanieWystapienElementuWTablicy\3_ZliczanieWystapienElementuWTablicy.csproj", "{6A85B87B-0C34-4EF7-BA94-34E389A72BF1}"
EndProject
Project("{FAE04EC0-301F-11D3-BF4B-00C04F79EFBC}") = "4_SzukanieElementuMinMax", "4_SzukanieElementuMinMax\4_SzukanieElementuMinMax.csproj", "{9082D744-7A5C-497C-8316-CDAC456CFEE7}"
EndProject
Global
	GlobalSection(SolutionConfigurationPlatforms) = preSolution
		Debug|Any CPU = Debug|Any CPU
		Release|Any CPU = Release|Any CPU
	EndGlobalSection
	GlobalSection(ProjectConfigurationPlatforms) = postSolution
		{77187D97-A0FB-4E8B-A082-53F2DA5067BC}.Debug|Any CPU.ActiveCfg = Debug|Any CPU
		{77187D97-A0FB-4E8B-A082-53F2DA5067BC}.Debug|Any CPU.Build.0 = Debug|Any CPU
		{77187D97-A0FB-4E8B-A082-53F2DA5067BC}.Release|Any CPU.ActiveCfg = Release|Any CPU
		{77187D97-A0FB-4E8B-A082-53F2DA5067BC}.Release|Any CPU.Build.0 = Release|Any CPU
		{A7EE4895-7840-4F45-9D19-7801AF13A12A}.Debug|Any CPU.ActiveCfg = Debug|Any CPU
		{A7EE4895-7840-4F45-9D19-7801AF13A12A}.Debug|Any CPU.Build.0 = Debug|Any CPU
		{A7EE4895-7840-4F45-9D19-7801AF13A12A}.Release|Any CPU.ActiveCfg = Release|Any CPU
		{A7EE4895-7840-4F45-9D19-7801AF13A12A}.Release|Any CPU.Build.0 = Release|Any CPU
		{519C0E49-1F17-4EE1-8CF6-78343F279A1E}.Debug|Any CPU.ActiveCfg = Debug|Any CPU
		{519C0E49-1F17-4EE1-8CF6-78343F279A1E}.Debug|Any CPU.Build.0 = Debug|Any CPU
		{519C0E49-1F17-4EE1-8CF6-78343F279A1E}.Release|Any CPU.ActiveCfg = Release|Any CPU
		{519C0E49-1F17-4EE1-8CF6-78343F279A1E}.Release|Any CPU.Build.0 = Release|Any CPU
		{390D3FBD-DB66-4D0A-87EA-BD07C85AEF34}.Debug|Any CPU.ActiveCfg = Debug|Any CPU
		{390D3FBD-DB66-4D0A-87EA-BD07C85AEF34}.Debug|Any CPU.Build.0 = Debug|Any CPU
		{390D3FBD-DB66-4D0A-87EA-BD07C85AEF34}.Release|Any CPU.ActiveCfg = Release|Any CPU
		{390D3FBD-DB66-4D0A-87EA-BD07C85AEF34}.Release|Any CPU.Build.0 = Release|Any CPU
		{6A85B87B-0C34-4EF7-BA94-34E389A72BF1}.Debug|Any CPU.ActiveCfg = Debug|Any CPU
		{6A85B87B-0C34-4EF7-BA94-34E389A72BF1}.Debug|Any CPU.Build.0 = Debug|Any CPU
		{6A85B87B-0C34-4EF7-BA94-34E389A72BF1}.Release|Any CPU.ActiveCfg = Release|Any CPU
		{6A85B87B-0C34-4EF7-BA94-34E389A72BF1}.Release|Any CPU.Build.0 = Release|Any CPU
		{9082D744-7A5C-497C-8316-CDAC456CFEE7}.Debug|Any CPU.ActiveCfg = Debug|Any CPU
		{9082D744-7A5C-497C-8316-CDAC456CFEE7}.Debug|Any CPU.Build.0 = Debug|Any CPU
		{9082D744-7A5C-497C-8316-CDAC456CFEE7}.Release|Any CPU.ActiveCfg = Release|Any CPU
		{9082D744-7A5C-497C-8316-CDAC456CFEE7}.Release|Any CPU.Build.0 = Release|Any CPU
	EndGlobalSection
	GlobalSection(SolutionProperties) = preSolution
		HideSolutionNode = FALSE
	EndGlobalSection
	GlobalSection(NestedProjects) = preSolution
		{519C0E49-1F17-4EE1-8CF6-78343F279A1E} = {999E3524-4FB0-4E24-AE01-1B87DE908C98}
		{390D3FBD-DB66-4D0A-87EA-BD07C85AEF34} = {999E3524-4FB0-4E24-AE01-1B87DE908C98}
		{6A85B87B-0C34-4EF7-BA94-34E389A72BF1} = {999E3524-4FB0-4E24-AE01-1B87DE908C98}
		{9082D744-7A5C-497C-8316-CDAC456CFEE7} = {999E3524-4FB0-4E24-AE01-1B87DE908C98}
	EndGlobalSection
	GlobalSection(ExtensibilityGlobals) = postSolution
		SolutionGuid = {893188A1-43D6-43E3-85C0-CF8B254169D3}
	EndGlobalSection
EndGlobal
