
Microsoft Visual Studio Solution File, Format Version 12.00
# Visual Studio Version 17
VisualStudioVersion = 17.0.31903.59
MinimumVisualStudioVersion = 10.0.40219.1
Project("{9A19103F-16F7-4668-BE54-9A1E7A4F7556}") = "SieveOfEratosthenes", "SieveOfEratosthenes\SieveOfEratosthenes.csproj", "{59951461-219C-4709-A3D5-CDB6A9BC61C8}"
EndProject
Project("{9A19103F-16F7-4668-BE54-9A1E7A4F7556}") = "CubicEquatation", "CubicEquatation\CubicEquatation.csproj", "{0278FE29-B083-487E-84E9-B39448F261C8}"
EndProject
Project("{2150E333-8FDC-42A3-9474-1A3956D46DE8}") = "WindowSliding_Lecture", "WindowSliding_Lecture", "{F7394BE6-EFB1-4E3A-B6B7-221BAF45E21B}"
EndProject
Project("{9A19103F-16F7-4668-BE54-9A1E7A4F7556}") = "ALIEN - Aliens at the train", "ALIEN - Aliens at the train\ALIEN - Aliens at the train.csproj", "{2D9A723A-051C-43BC-8C20-23E28275BB1F}"
EndProject
Project("{9A19103F-16F7-4668-BE54-9A1E7A4F7556}") = "TBATTLE - Thor vs Frost Giants", "TBATTLE - Thor vs Frost Giants\TBATTLE - Thor vs Frost Giants.csproj", "{5C2EAAD8-934D-4F4A-8C40-F21E5DCC8E65}"
EndProject
Project("{9A19103F-16F7-4668-BE54-9A1E7A4F7556}") = "NPC2014F - Field", "NPC2014F - Field\NPC2014F - Field.csproj", "{0607434B-FFBA-4B49-843A-F62E9A1138B2}"
EndProject
Project("{9A19103F-16F7-4668-BE54-9A1E7A4F7556}") = "UOFTCC - A Subtle Surf", "UOFTCC - A Subtle Surf\UOFTCC - A Subtle Surf.csproj", "{DD3986BD-6B00-4E5F-9BE3-E44D09541747}"
EndProject
Project("{9A19103F-16F7-4668-BE54-9A1E7A4F7556}") = "NABILHACKER - Hack the Password", "NABILHACKER - Hack the Password\NABILHACKER - Hack the Password.csproj", "{F9F3DD86-E681-45EF-841C-9E8CAD4BF11F}"
EndProject
Project("{2150E333-8FDC-42A3-9474-1A3956D46DE8}") = "Laboratory", "Laboratory", "{056F8889-176F-49F9-90E6-6DF15979BF7B}"
EndProject
Project("{9A19103F-16F7-4668-BE54-9A1E7A4F7556}") = "HASHIT - Hash it!", "HASHIT - Hash it!\HASHIT - Hash it!.csproj", "{B9F8B4FA-2AE7-4B5A-8ABB-8A67FED43F04}"
EndProject
Project("{9A19103F-16F7-4668-BE54-9A1E7A4F7556}") = "STPAR - Street Parade", "STPAR - Street Parade\STPAR - Street Parade.csproj", "{D67F1A2A-0D5B-41C2-B6FB-FCB87366D8EF}"
EndProject
Project("{9A19103F-16F7-4668-BE54-9A1E7A4F7556}") = "ONP - Transform the Expression", "ONP - Transform the Expression\ONP - Transform the Expression.csproj", "{2675A18D-A2A0-4D08-93F1-6CADEF04D578}"
EndProject
Project("{8BC9CEB8-8B4A-11D0-8D11-00A0C91BC942}") = "cpp_cubic_equatation", "cpp_check\cpp_check.vcxproj", "{DE46369E-12AB-4487-9BA6-E6C12BFE16DF}"
EndProject
Project("{8BC9CEB8-8B4A-11D0-8D11-00A0C91BC942}") = "cpp_bisection", "cpp_bisection\cpp_bisection.vcxproj", "{5392D49D-4C7C-46E6-8D6C-D70DB9B19FD2}"
EndProject
Project("{9A19103F-16F7-4668-BE54-9A1E7A4F7556}") = "BisectionNumericMethod", "BisectionNumericMethod\BisectionNumericMethod.csproj", "{54E22530-3F8C-4FC7-ACD6-5768AAED09B7}"
EndProject
Project("{9A19103F-16F7-4668-BE54-9A1E7A4F7556}") = "MonteCarlo_NumericalIntegration", "MonteCarlo_NumericalIntegration\MonteCarlo_NumericalIntegration.csproj", "{93969145-3F44-4E49-8232-2C4155E4FEFE}"
EndProject
Project("{9A19103F-16F7-4668-BE54-9A1E7A4F7556}") = "TravellingSalesmanProblem", "TravellingSalesmanProblem\TravellingSalesmanProblem.csproj", "{9289782F-A018-4298-8261-517DF9281FAC}"
EndProject
Project("{9A19103F-16F7-4668-BE54-9A1E7A4F7556}") = "HEAP - Kopiec", "HEAP - Kopiec\HEAP - Kopiec.csproj", "{765F89B8-8D0A-48F3-A113-35B62B5377A3}"
EndProject
Project("{9A19103F-16F7-4668-BE54-9A1E7A4F7556}") = "RMID - Running Median", "RMID - Running Median\RMID - Running Median.csproj", "{0F577451-670C-4108-B715-977613949993}"
EndProject
Project("{9A19103F-16F7-4668-BE54-9A1E7A4F7556}") = "CTTC - Counting Child", "CTTC - Counting Child\CTTC - Counting Child.csproj", "{E5CF6EC6-8F9E-4365-A804-76BB48AF6D5F}"
EndProject
Project("{9A19103F-16F7-4668-BE54-9A1E7A4F7556}") = "FOXLINGS - Foxlings", "FOXLINGS - Foxlings\FOXLINGS - Foxlings.csproj", "{3399A2FC-340B-48DE-8D72-E547E717B8A7}"
EndProject
Project("{9A19103F-16F7-4668-BE54-9A1E7A4F7556}") = "SORTMAC - Sorting Machine", "SORTMAC - Sorting Machine\SORTMAC - Sorting Machine.csproj", "{6881B55D-75CD-4631-91EF-9C52FD0BD085}"
EndProject
Project("{9A19103F-16F7-4668-BE54-9A1E7A4F7556}") = "SSORT - Silly Sort", "SSORT - Silly Sort\SSORT - Silly Sort.csproj", "{9D16AA55-556D-403F-99AE-D881EA126DE7}"
EndProject
Project("{9A19103F-16F7-4668-BE54-9A1E7A4F7556}") = "MULSORT - MultiSort", "MULSORT - MultiSort\MULSORT - MultiSort.csproj", "{39DAD69B-303C-416C-B4FC-7DD2DF550FA2}"
EndProject
Project("{9A19103F-16F7-4668-BE54-9A1E7A4F7556}") = "Lucifer Sort", "Lucifer Sort\Lucifer Sort.csproj", "{CFDE1CCC-E8C0-4ECD-BC1C-A316CD7B6B51}"
EndProject
Project("{9A19103F-16F7-4668-BE54-9A1E7A4F7556}") = "RMID2 - Running Median Again", "RMID2 - Running Median Again\RMID2 - Running Median Again.csproj", "{4659E210-E241-4FAD-8F76-5EAB329E46E8}"
EndProject
Project("{9A19103F-16F7-4668-BE54-9A1E7A4F7556}") = "SUBXOR - SubXor", "SUBXOR - SubXor\SUBXOR - SubXor.csproj", "{961B0557-447A-4E9E-839A-FFB70241DE0C}"
EndProject
Project("{9A19103F-16F7-4668-BE54-9A1E7A4F7556}") = "AHASHREV - The Revenge Of Anti Hash", "AHASHREV - The Revenge Of Anti Hash\AHASHREV - The Revenge Of Anti Hash.csproj", "{F330E22E-4E91-4A7A-A8CF-A68608E5DE7E}"
EndProject
Project("{FAE04EC0-301F-11D3-BF4B-00C04F79EFBC}") = "SLEXSORT", "SLEXSORT\SLEXSORT.csproj", "{393E2178-F6C7-447F-9276-5A082D545BEC}"
EndProject
Global
	GlobalSection(SolutionConfigurationPlatforms) = preSolution
		Debug|Any CPU = Debug|Any CPU
		Debug|x64 = Debug|x64
		Debug|x86 = Debug|x86
		Release|Any CPU = Release|Any CPU
		Release|x64 = Release|x64
		Release|x86 = Release|x86
	EndGlobalSection
	GlobalSection(ProjectConfigurationPlatforms) = postSolution
		{59951461-219C-4709-A3D5-CDB6A9BC61C8}.Debug|Any CPU.ActiveCfg = Debug|Any CPU
		{59951461-219C-4709-A3D5-CDB6A9BC61C8}.Debug|Any CPU.Build.0 = Debug|Any CPU
		{59951461-219C-4709-A3D5-CDB6A9BC61C8}.Debug|x64.ActiveCfg = Debug|Any CPU
		{59951461-219C-4709-A3D5-CDB6A9BC61C8}.Debug|x64.Build.0 = Debug|Any CPU
		{59951461-219C-4709-A3D5-CDB6A9BC61C8}.Debug|x86.ActiveCfg = Debug|Any CPU
		{59951461-219C-4709-A3D5-CDB6A9BC61C8}.Debug|x86.Build.0 = Debug|Any CPU
		{59951461-219C-4709-A3D5-CDB6A9BC61C8}.Release|Any CPU.ActiveCfg = Release|Any CPU
		{59951461-219C-4709-A3D5-CDB6A9BC61C8}.Release|Any CPU.Build.0 = Release|Any CPU
		{59951461-219C-4709-A3D5-CDB6A9BC61C8}.Release|x64.ActiveCfg = Release|Any CPU
		{59951461-219C-4709-A3D5-CDB6A9BC61C8}.Release|x64.Build.0 = Release|Any CPU
		{59951461-219C-4709-A3D5-CDB6A9BC61C8}.Release|x86.ActiveCfg = Release|Any CPU
		{59951461-219C-4709-A3D5-CDB6A9BC61C8}.Release|x86.Build.0 = Release|Any CPU
		{0278FE29-B083-487E-84E9-B39448F261C8}.Debug|Any CPU.ActiveCfg = Debug|Any CPU
		{0278FE29-B083-487E-84E9-B39448F261C8}.Debug|Any CPU.Build.0 = Debug|Any CPU
		{0278FE29-B083-487E-84E9-B39448F261C8}.Debug|x64.ActiveCfg = Debug|Any CPU
		{0278FE29-B083-487E-84E9-B39448F261C8}.Debug|x64.Build.0 = Debug|Any CPU
		{0278FE29-B083-487E-84E9-B39448F261C8}.Debug|x86.ActiveCfg = Debug|Any CPU
		{0278FE29-B083-487E-84E9-B39448F261C8}.Debug|x86.Build.0 = Debug|Any CPU
		{0278FE29-B083-487E-84E9-B39448F261C8}.Release|Any CPU.ActiveCfg = Release|Any CPU
		{0278FE29-B083-487E-84E9-B39448F261C8}.Release|Any CPU.Build.0 = Release|Any CPU
		{0278FE29-B083-487E-84E9-B39448F261C8}.Release|x64.ActiveCfg = Release|Any CPU
		{0278FE29-B083-487E-84E9-B39448F261C8}.Release|x64.Build.0 = Release|Any CPU
		{0278FE29-B083-487E-84E9-B39448F261C8}.Release|x86.ActiveCfg = Release|Any CPU
		{0278FE29-B083-487E-84E9-B39448F261C8}.Release|x86.Build.0 = Release|Any CPU
		{2D9A723A-051C-43BC-8C20-23E28275BB1F}.Debug|Any CPU.ActiveCfg = Debug|Any CPU
		{2D9A723A-051C-43BC-8C20-23E28275BB1F}.Debug|Any CPU.Build.0 = Debug|Any CPU
		{2D9A723A-051C-43BC-8C20-23E28275BB1F}.Debug|x64.ActiveCfg = Debug|Any CPU
		{2D9A723A-051C-43BC-8C20-23E28275BB1F}.Debug|x64.Build.0 = Debug|Any CPU
		{2D9A723A-051C-43BC-8C20-23E28275BB1F}.Debug|x86.ActiveCfg = Debug|Any CPU
		{2D9A723A-051C-43BC-8C20-23E28275BB1F}.Debug|x86.Build.0 = Debug|Any CPU
		{2D9A723A-051C-43BC-8C20-23E28275BB1F}.Release|Any CPU.ActiveCfg = Release|Any CPU
		{2D9A723A-051C-43BC-8C20-23E28275BB1F}.Release|Any CPU.Build.0 = Release|Any CPU
		{2D9A723A-051C-43BC-8C20-23E28275BB1F}.Release|x64.ActiveCfg = Release|Any CPU
		{2D9A723A-051C-43BC-8C20-23E28275BB1F}.Release|x64.Build.0 = Release|Any CPU
		{2D9A723A-051C-43BC-8C20-23E28275BB1F}.Release|x86.ActiveCfg = Release|Any CPU
		{2D9A723A-051C-43BC-8C20-23E28275BB1F}.Release|x86.Build.0 = Release|Any CPU
		{5C2EAAD8-934D-4F4A-8C40-F21E5DCC8E65}.Debug|Any CPU.ActiveCfg = Debug|Any CPU
		{5C2EAAD8-934D-4F4A-8C40-F21E5DCC8E65}.Debug|Any CPU.Build.0 = Debug|Any CPU
		{5C2EAAD8-934D-4F4A-8C40-F21E5DCC8E65}.Debug|x64.ActiveCfg = Debug|Any CPU
		{5C2EAAD8-934D-4F4A-8C40-F21E5DCC8E65}.Debug|x64.Build.0 = Debug|Any CPU
		{5C2EAAD8-934D-4F4A-8C40-F21E5DCC8E65}.Debug|x86.ActiveCfg = Debug|Any CPU
		{5C2EAAD8-934D-4F4A-8C40-F21E5DCC8E65}.Debug|x86.Build.0 = Debug|Any CPU
		{5C2EAAD8-934D-4F4A-8C40-F21E5DCC8E65}.Release|Any CPU.ActiveCfg = Release|Any CPU
		{5C2EAAD8-934D-4F4A-8C40-F21E5DCC8E65}.Release|Any CPU.Build.0 = Release|Any CPU
		{5C2EAAD8-934D-4F4A-8C40-F21E5DCC8E65}.Release|x64.ActiveCfg = Release|Any CPU
		{5C2EAAD8-934D-4F4A-8C40-F21E5DCC8E65}.Release|x64.Build.0 = Release|Any CPU
		{5C2EAAD8-934D-4F4A-8C40-F21E5DCC8E65}.Release|x86.ActiveCfg = Release|Any CPU
		{5C2EAAD8-934D-4F4A-8C40-F21E5DCC8E65}.Release|x86.Build.0 = Release|Any CPU
		{0607434B-FFBA-4B49-843A-F62E9A1138B2}.Debug|Any CPU.ActiveCfg = Debug|Any CPU
		{0607434B-FFBA-4B49-843A-F62E9A1138B2}.Debug|Any CPU.Build.0 = Debug|Any CPU
		{0607434B-FFBA-4B49-843A-F62E9A1138B2}.Debug|x64.ActiveCfg = Debug|Any CPU
		{0607434B-FFBA-4B49-843A-F62E9A1138B2}.Debug|x64.Build.0 = Debug|Any CPU
		{0607434B-FFBA-4B49-843A-F62E9A1138B2}.Debug|x86.ActiveCfg = Debug|Any CPU
		{0607434B-FFBA-4B49-843A-F62E9A1138B2}.Debug|x86.Build.0 = Debug|Any CPU
		{0607434B-FFBA-4B49-843A-F62E9A1138B2}.Release|Any CPU.ActiveCfg = Release|Any CPU
		{0607434B-FFBA-4B49-843A-F62E9A1138B2}.Release|Any CPU.Build.0 = Release|Any CPU
		{0607434B-FFBA-4B49-843A-F62E9A1138B2}.Release|x64.ActiveCfg = Release|Any CPU
		{0607434B-FFBA-4B49-843A-F62E9A1138B2}.Release|x64.Build.0 = Release|Any CPU
		{0607434B-FFBA-4B49-843A-F62E9A1138B2}.Release|x86.ActiveCfg = Release|Any CPU
		{0607434B-FFBA-4B49-843A-F62E9A1138B2}.Release|x86.Build.0 = Release|Any CPU
		{DD3986BD-6B00-4E5F-9BE3-E44D09541747}.Debug|Any CPU.ActiveCfg = Debug|Any CPU
		{DD3986BD-6B00-4E5F-9BE3-E44D09541747}.Debug|Any CPU.Build.0 = Debug|Any CPU
		{DD3986BD-6B00-4E5F-9BE3-E44D09541747}.Debug|x64.ActiveCfg = Debug|Any CPU
		{DD3986BD-6B00-4E5F-9BE3-E44D09541747}.Debug|x64.Build.0 = Debug|Any CPU
		{DD3986BD-6B00-4E5F-9BE3-E44D09541747}.Debug|x86.ActiveCfg = Debug|Any CPU
		{DD3986BD-6B00-4E5F-9BE3-E44D09541747}.Debug|x86.Build.0 = Debug|Any CPU
		{DD3986BD-6B00-4E5F-9BE3-E44D09541747}.Release|Any CPU.ActiveCfg = Release|Any CPU
		{DD3986BD-6B00-4E5F-9BE3-E44D09541747}.Release|Any CPU.Build.0 = Release|Any CPU
		{DD3986BD-6B00-4E5F-9BE3-E44D09541747}.Release|x64.ActiveCfg = Release|Any CPU
		{DD3986BD-6B00-4E5F-9BE3-E44D09541747}.Release|x64.Build.0 = Release|Any CPU
		{DD3986BD-6B00-4E5F-9BE3-E44D09541747}.Release|x86.ActiveCfg = Release|Any CPU
		{DD3986BD-6B00-4E5F-9BE3-E44D09541747}.Release|x86.Build.0 = Release|Any CPU
		{F9F3DD86-E681-45EF-841C-9E8CAD4BF11F}.Debug|Any CPU.ActiveCfg = Debug|Any CPU
		{F9F3DD86-E681-45EF-841C-9E8CAD4BF11F}.Debug|Any CPU.Build.0 = Debug|Any CPU
		{F9F3DD86-E681-45EF-841C-9E8CAD4BF11F}.Debug|x64.ActiveCfg = Debug|Any CPU
		{F9F3DD86-E681-45EF-841C-9E8CAD4BF11F}.Debug|x64.Build.0 = Debug|Any CPU
		{F9F3DD86-E681-45EF-841C-9E8CAD4BF11F}.Debug|x86.ActiveCfg = Debug|Any CPU
		{F9F3DD86-E681-45EF-841C-9E8CAD4BF11F}.Debug|x86.Build.0 = Debug|Any CPU
		{F9F3DD86-E681-45EF-841C-9E8CAD4BF11F}.Release|Any CPU.ActiveCfg = Release|Any CPU
		{F9F3DD86-E681-45EF-841C-9E8CAD4BF11F}.Release|Any CPU.Build.0 = Release|Any CPU
		{F9F3DD86-E681-45EF-841C-9E8CAD4BF11F}.Release|x64.ActiveCfg = Release|Any CPU
		{F9F3DD86-E681-45EF-841C-9E8CAD4BF11F}.Release|x64.Build.0 = Release|Any CPU
		{F9F3DD86-E681-45EF-841C-9E8CAD4BF11F}.Release|x86.ActiveCfg = Release|Any CPU
		{F9F3DD86-E681-45EF-841C-9E8CAD4BF11F}.Release|x86.Build.0 = Release|Any CPU
		{B9F8B4FA-2AE7-4B5A-8ABB-8A67FED43F04}.Debug|Any CPU.ActiveCfg = Debug|Any CPU
		{B9F8B4FA-2AE7-4B5A-8ABB-8A67FED43F04}.Debug|Any CPU.Build.0 = Debug|Any CPU
		{B9F8B4FA-2AE7-4B5A-8ABB-8A67FED43F04}.Debug|x64.ActiveCfg = Debug|Any CPU
		{B9F8B4FA-2AE7-4B5A-8ABB-8A67FED43F04}.Debug|x64.Build.0 = Debug|Any CPU
		{B9F8B4FA-2AE7-4B5A-8ABB-8A67FED43F04}.Debug|x86.ActiveCfg = Debug|Any CPU
		{B9F8B4FA-2AE7-4B5A-8ABB-8A67FED43F04}.Debug|x86.Build.0 = Debug|Any CPU
		{B9F8B4FA-2AE7-4B5A-8ABB-8A67FED43F04}.Release|Any CPU.ActiveCfg = Release|Any CPU
		{B9F8B4FA-2AE7-4B5A-8ABB-8A67FED43F04}.Release|Any CPU.Build.0 = Release|Any CPU
		{B9F8B4FA-2AE7-4B5A-8ABB-8A67FED43F04}.Release|x64.ActiveCfg = Release|Any CPU
		{B9F8B4FA-2AE7-4B5A-8ABB-8A67FED43F04}.Release|x64.Build.0 = Release|Any CPU
		{B9F8B4FA-2AE7-4B5A-8ABB-8A67FED43F04}.Release|x86.ActiveCfg = Release|Any CPU
		{B9F8B4FA-2AE7-4B5A-8ABB-8A67FED43F04}.Release|x86.Build.0 = Release|Any CPU
		{D67F1A2A-0D5B-41C2-B6FB-FCB87366D8EF}.Debug|Any CPU.ActiveCfg = Debug|Any CPU
		{D67F1A2A-0D5B-41C2-B6FB-FCB87366D8EF}.Debug|Any CPU.Build.0 = Debug|Any CPU
		{D67F1A2A-0D5B-41C2-B6FB-FCB87366D8EF}.Debug|x64.ActiveCfg = Debug|Any CPU
		{D67F1A2A-0D5B-41C2-B6FB-FCB87366D8EF}.Debug|x64.Build.0 = Debug|Any CPU
		{D67F1A2A-0D5B-41C2-B6FB-FCB87366D8EF}.Debug|x86.ActiveCfg = Debug|Any CPU
		{D67F1A2A-0D5B-41C2-B6FB-FCB87366D8EF}.Debug|x86.Build.0 = Debug|Any CPU
		{D67F1A2A-0D5B-41C2-B6FB-FCB87366D8EF}.Release|Any CPU.ActiveCfg = Release|Any CPU
		{D67F1A2A-0D5B-41C2-B6FB-FCB87366D8EF}.Release|Any CPU.Build.0 = Release|Any CPU
		{D67F1A2A-0D5B-41C2-B6FB-FCB87366D8EF}.Release|x64.ActiveCfg = Release|Any CPU
		{D67F1A2A-0D5B-41C2-B6FB-FCB87366D8EF}.Release|x64.Build.0 = Release|Any CPU
		{D67F1A2A-0D5B-41C2-B6FB-FCB87366D8EF}.Release|x86.ActiveCfg = Release|Any CPU
		{D67F1A2A-0D5B-41C2-B6FB-FCB87366D8EF}.Release|x86.Build.0 = Release|Any CPU
		{2675A18D-A2A0-4D08-93F1-6CADEF04D578}.Debug|Any CPU.ActiveCfg = Debug|Any CPU
		{2675A18D-A2A0-4D08-93F1-6CADEF04D578}.Debug|Any CPU.Build.0 = Debug|Any CPU
		{2675A18D-A2A0-4D08-93F1-6CADEF04D578}.Debug|x64.ActiveCfg = Debug|Any CPU
		{2675A18D-A2A0-4D08-93F1-6CADEF04D578}.Debug|x64.Build.0 = Debug|Any CPU
		{2675A18D-A2A0-4D08-93F1-6CADEF04D578}.Debug|x86.ActiveCfg = Debug|Any CPU
		{2675A18D-A2A0-4D08-93F1-6CADEF04D578}.Debug|x86.Build.0 = Debug|Any CPU
		{2675A18D-A2A0-4D08-93F1-6CADEF04D578}.Release|Any CPU.ActiveCfg = Release|Any CPU
		{2675A18D-A2A0-4D08-93F1-6CADEF04D578}.Release|Any CPU.Build.0 = Release|Any CPU
		{2675A18D-A2A0-4D08-93F1-6CADEF04D578}.Release|x64.ActiveCfg = Release|Any CPU
		{2675A18D-A2A0-4D08-93F1-6CADEF04D578}.Release|x64.Build.0 = Release|Any CPU
		{2675A18D-A2A0-4D08-93F1-6CADEF04D578}.Release|x86.ActiveCfg = Release|Any CPU
		{2675A18D-A2A0-4D08-93F1-6CADEF04D578}.Release|x86.Build.0 = Release|Any CPU
		{DE46369E-12AB-4487-9BA6-E6C12BFE16DF}.Debug|Any CPU.ActiveCfg = Debug|x64
		{DE46369E-12AB-4487-9BA6-E6C12BFE16DF}.Debug|Any CPU.Build.0 = Debug|x64
		{DE46369E-12AB-4487-9BA6-E6C12BFE16DF}.Debug|x64.ActiveCfg = Debug|x64
		{DE46369E-12AB-4487-9BA6-E6C12BFE16DF}.Debug|x64.Build.0 = Debug|x64
		{DE46369E-12AB-4487-9BA6-E6C12BFE16DF}.Debug|x86.ActiveCfg = Debug|Win32
		{DE46369E-12AB-4487-9BA6-E6C12BFE16DF}.Debug|x86.Build.0 = Debug|Win32
		{DE46369E-12AB-4487-9BA6-E6C12BFE16DF}.Release|Any CPU.ActiveCfg = Release|x64
		{DE46369E-12AB-4487-9BA6-E6C12BFE16DF}.Release|Any CPU.Build.0 = Release|x64
		{DE46369E-12AB-4487-9BA6-E6C12BFE16DF}.Release|x64.ActiveCfg = Release|x64
		{DE46369E-12AB-4487-9BA6-E6C12BFE16DF}.Release|x64.Build.0 = Release|x64
		{DE46369E-12AB-4487-9BA6-E6C12BFE16DF}.Release|x86.ActiveCfg = Release|Win32
		{DE46369E-12AB-4487-9BA6-E6C12BFE16DF}.Release|x86.Build.0 = Release|Win32
		{5392D49D-4C7C-46E6-8D6C-D70DB9B19FD2}.Debug|Any CPU.ActiveCfg = Debug|x64
		{5392D49D-4C7C-46E6-8D6C-D70DB9B19FD2}.Debug|Any CPU.Build.0 = Debug|x64
		{5392D49D-4C7C-46E6-8D6C-D70DB9B19FD2}.Debug|x64.ActiveCfg = Debug|x64
		{5392D49D-4C7C-46E6-8D6C-D70DB9B19FD2}.Debug|x64.Build.0 = Debug|x64
		{5392D49D-4C7C-46E6-8D6C-D70DB9B19FD2}.Debug|x86.ActiveCfg = Debug|Win32
		{5392D49D-4C7C-46E6-8D6C-D70DB9B19FD2}.Debug|x86.Build.0 = Debug|Win32
		{5392D49D-4C7C-46E6-8D6C-D70DB9B19FD2}.Release|Any CPU.ActiveCfg = Release|x64
		{5392D49D-4C7C-46E6-8D6C-D70DB9B19FD2}.Release|Any CPU.Build.0 = Release|x64
		{5392D49D-4C7C-46E6-8D6C-D70DB9B19FD2}.Release|x64.ActiveCfg = Release|x64
		{5392D49D-4C7C-46E6-8D6C-D70DB9B19FD2}.Release|x64.Build.0 = Release|x64
		{5392D49D-4C7C-46E6-8D6C-D70DB9B19FD2}.Release|x86.ActiveCfg = Release|Win32
		{5392D49D-4C7C-46E6-8D6C-D70DB9B19FD2}.Release|x86.Build.0 = Release|Win32
		{54E22530-3F8C-4FC7-ACD6-5768AAED09B7}.Debug|Any CPU.ActiveCfg = Debug|Any CPU
		{54E22530-3F8C-4FC7-ACD6-5768AAED09B7}.Debug|Any CPU.Build.0 = Debug|Any CPU
		{54E22530-3F8C-4FC7-ACD6-5768AAED09B7}.Debug|x64.ActiveCfg = Debug|Any CPU
		{54E22530-3F8C-4FC7-ACD6-5768AAED09B7}.Debug|x64.Build.0 = Debug|Any CPU
		{54E22530-3F8C-4FC7-ACD6-5768AAED09B7}.Debug|x86.ActiveCfg = Debug|Any CPU
		{54E22530-3F8C-4FC7-ACD6-5768AAED09B7}.Debug|x86.Build.0 = Debug|Any CPU
		{54E22530-3F8C-4FC7-ACD6-5768AAED09B7}.Release|Any CPU.ActiveCfg = Release|Any CPU
		{54E22530-3F8C-4FC7-ACD6-5768AAED09B7}.Release|Any CPU.Build.0 = Release|Any CPU
		{54E22530-3F8C-4FC7-ACD6-5768AAED09B7}.Release|x64.ActiveCfg = Release|Any CPU
		{54E22530-3F8C-4FC7-ACD6-5768AAED09B7}.Release|x64.Build.0 = Release|Any CPU
		{54E22530-3F8C-4FC7-ACD6-5768AAED09B7}.Release|x86.ActiveCfg = Release|Any CPU
		{54E22530-3F8C-4FC7-ACD6-5768AAED09B7}.Release|x86.Build.0 = Release|Any CPU
		{93969145-3F44-4E49-8232-2C4155E4FEFE}.Debug|Any CPU.ActiveCfg = Debug|Any CPU
		{93969145-3F44-4E49-8232-2C4155E4FEFE}.Debug|Any CPU.Build.0 = Debug|Any CPU
		{93969145-3F44-4E49-8232-2C4155E4FEFE}.Debug|x64.ActiveCfg = Debug|Any CPU
		{93969145-3F44-4E49-8232-2C4155E4FEFE}.Debug|x64.Build.0 = Debug|Any CPU
		{93969145-3F44-4E49-8232-2C4155E4FEFE}.Debug|x86.ActiveCfg = Debug|Any CPU
		{93969145-3F44-4E49-8232-2C4155E4FEFE}.Debug|x86.Build.0 = Debug|Any CPU
		{93969145-3F44-4E49-8232-2C4155E4FEFE}.Release|Any CPU.ActiveCfg = Release|Any CPU
		{93969145-3F44-4E49-8232-2C4155E4FEFE}.Release|Any CPU.Build.0 = Release|Any CPU
		{93969145-3F44-4E49-8232-2C4155E4FEFE}.Release|x64.ActiveCfg = Release|Any CPU
		{93969145-3F44-4E49-8232-2C4155E4FEFE}.Release|x64.Build.0 = Release|Any CPU
		{93969145-3F44-4E49-8232-2C4155E4FEFE}.Release|x86.ActiveCfg = Release|Any CPU
		{93969145-3F44-4E49-8232-2C4155E4FEFE}.Release|x86.Build.0 = Release|Any CPU
		{9289782F-A018-4298-8261-517DF9281FAC}.Debug|Any CPU.ActiveCfg = Debug|Any CPU
		{9289782F-A018-4298-8261-517DF9281FAC}.Debug|Any CPU.Build.0 = Debug|Any CPU
		{9289782F-A018-4298-8261-517DF9281FAC}.Debug|x64.ActiveCfg = Debug|Any CPU
		{9289782F-A018-4298-8261-517DF9281FAC}.Debug|x64.Build.0 = Debug|Any CPU
		{9289782F-A018-4298-8261-517DF9281FAC}.Debug|x86.ActiveCfg = Debug|Any CPU
		{9289782F-A018-4298-8261-517DF9281FAC}.Debug|x86.Build.0 = Debug|Any CPU
		{9289782F-A018-4298-8261-517DF9281FAC}.Release|Any CPU.ActiveCfg = Release|Any CPU
		{9289782F-A018-4298-8261-517DF9281FAC}.Release|Any CPU.Build.0 = Release|Any CPU
		{9289782F-A018-4298-8261-517DF9281FAC}.Release|x64.ActiveCfg = Release|Any CPU
		{9289782F-A018-4298-8261-517DF9281FAC}.Release|x64.Build.0 = Release|Any CPU
		{9289782F-A018-4298-8261-517DF9281FAC}.Release|x86.ActiveCfg = Release|Any CPU
		{9289782F-A018-4298-8261-517DF9281FAC}.Release|x86.Build.0 = Release|Any CPU
		{765F89B8-8D0A-48F3-A113-35B62B5377A3}.Debug|Any CPU.ActiveCfg = Debug|Any CPU
		{765F89B8-8D0A-48F3-A113-35B62B5377A3}.Debug|Any CPU.Build.0 = Debug|Any CPU
		{765F89B8-8D0A-48F3-A113-35B62B5377A3}.Debug|x64.ActiveCfg = Debug|Any CPU
		{765F89B8-8D0A-48F3-A113-35B62B5377A3}.Debug|x64.Build.0 = Debug|Any CPU
		{765F89B8-8D0A-48F3-A113-35B62B5377A3}.Debug|x86.ActiveCfg = Debug|Any CPU
		{765F89B8-8D0A-48F3-A113-35B62B5377A3}.Debug|x86.Build.0 = Debug|Any CPU
		{765F89B8-8D0A-48F3-A113-35B62B5377A3}.Release|Any CPU.ActiveCfg = Release|Any CPU
		{765F89B8-8D0A-48F3-A113-35B62B5377A3}.Release|Any CPU.Build.0 = Release|Any CPU
		{765F89B8-8D0A-48F3-A113-35B62B5377A3}.Release|x64.ActiveCfg = Release|Any CPU
		{765F89B8-8D0A-48F3-A113-35B62B5377A3}.Release|x64.Build.0 = Release|Any CPU
		{765F89B8-8D0A-48F3-A113-35B62B5377A3}.Release|x86.ActiveCfg = Release|Any CPU
		{765F89B8-8D0A-48F3-A113-35B62B5377A3}.Release|x86.Build.0 = Release|Any CPU
		{0F577451-670C-4108-B715-977613949993}.Debug|Any CPU.ActiveCfg = Debug|Any CPU
		{0F577451-670C-4108-B715-977613949993}.Debug|Any CPU.Build.0 = Debug|Any CPU
		{0F577451-670C-4108-B715-977613949993}.Debug|x64.ActiveCfg = Debug|Any CPU
		{0F577451-670C-4108-B715-977613949993}.Debug|x64.Build.0 = Debug|Any CPU
		{0F577451-670C-4108-B715-977613949993}.Debug|x86.ActiveCfg = Debug|Any CPU
		{0F577451-670C-4108-B715-977613949993}.Debug|x86.Build.0 = Debug|Any CPU
		{0F577451-670C-4108-B715-977613949993}.Release|Any CPU.ActiveCfg = Release|Any CPU
		{0F577451-670C-4108-B715-977613949993}.Release|Any CPU.Build.0 = Release|Any CPU
		{0F577451-670C-4108-B715-977613949993}.Release|x64.ActiveCfg = Release|Any CPU
		{0F577451-670C-4108-B715-977613949993}.Release|x64.Build.0 = Release|Any CPU
		{0F577451-670C-4108-B715-977613949993}.Release|x86.ActiveCfg = Release|Any CPU
		{0F577451-670C-4108-B715-977613949993}.Release|x86.Build.0 = Release|Any CPU
		{E5CF6EC6-8F9E-4365-A804-76BB48AF6D5F}.Debug|Any CPU.ActiveCfg = Debug|Any CPU
		{E5CF6EC6-8F9E-4365-A804-76BB48AF6D5F}.Debug|Any CPU.Build.0 = Debug|Any CPU
		{E5CF6EC6-8F9E-4365-A804-76BB48AF6D5F}.Debug|x64.ActiveCfg = Debug|Any CPU
		{E5CF6EC6-8F9E-4365-A804-76BB48AF6D5F}.Debug|x64.Build.0 = Debug|Any CPU
		{E5CF6EC6-8F9E-4365-A804-76BB48AF6D5F}.Debug|x86.ActiveCfg = Debug|Any CPU
		{E5CF6EC6-8F9E-4365-A804-76BB48AF6D5F}.Debug|x86.Build.0 = Debug|Any CPU
		{E5CF6EC6-8F9E-4365-A804-76BB48AF6D5F}.Release|Any CPU.ActiveCfg = Release|Any CPU
		{E5CF6EC6-8F9E-4365-A804-76BB48AF6D5F}.Release|Any CPU.Build.0 = Release|Any CPU
		{E5CF6EC6-8F9E-4365-A804-76BB48AF6D5F}.Release|x64.ActiveCfg = Release|Any CPU
		{E5CF6EC6-8F9E-4365-A804-76BB48AF6D5F}.Release|x64.Build.0 = Release|Any CPU
		{E5CF6EC6-8F9E-4365-A804-76BB48AF6D5F}.Release|x86.ActiveCfg = Release|Any CPU
		{E5CF6EC6-8F9E-4365-A804-76BB48AF6D5F}.Release|x86.Build.0 = Release|Any CPU
		{3399A2FC-340B-48DE-8D72-E547E717B8A7}.Debug|Any CPU.ActiveCfg = Debug|Any CPU
		{3399A2FC-340B-48DE-8D72-E547E717B8A7}.Debug|Any CPU.Build.0 = Debug|Any CPU
		{3399A2FC-340B-48DE-8D72-E547E717B8A7}.Debug|x64.ActiveCfg = Debug|Any CPU
		{3399A2FC-340B-48DE-8D72-E547E717B8A7}.Debug|x64.Build.0 = Debug|Any CPU
		{3399A2FC-340B-48DE-8D72-E547E717B8A7}.Debug|x86.ActiveCfg = Debug|Any CPU
		{3399A2FC-340B-48DE-8D72-E547E717B8A7}.Debug|x86.Build.0 = Debug|Any CPU
		{3399A2FC-340B-48DE-8D72-E547E717B8A7}.Release|Any CPU.ActiveCfg = Release|Any CPU
		{3399A2FC-340B-48DE-8D72-E547E717B8A7}.Release|Any CPU.Build.0 = Release|Any CPU
		{3399A2FC-340B-48DE-8D72-E547E717B8A7}.Release|x64.ActiveCfg = Release|Any CPU
		{3399A2FC-340B-48DE-8D72-E547E717B8A7}.Release|x64.Build.0 = Release|Any CPU
		{3399A2FC-340B-48DE-8D72-E547E717B8A7}.Release|x86.ActiveCfg = Release|Any CPU
		{3399A2FC-340B-48DE-8D72-E547E717B8A7}.Release|x86.Build.0 = Release|Any CPU
		{6881B55D-75CD-4631-91EF-9C52FD0BD085}.Debug|Any CPU.ActiveCfg = Debug|Any CPU
		{6881B55D-75CD-4631-91EF-9C52FD0BD085}.Debug|Any CPU.Build.0 = Debug|Any CPU
		{6881B55D-75CD-4631-91EF-9C52FD0BD085}.Debug|x64.ActiveCfg = Debug|Any CPU
		{6881B55D-75CD-4631-91EF-9C52FD0BD085}.Debug|x64.Build.0 = Debug|Any CPU
		{6881B55D-75CD-4631-91EF-9C52FD0BD085}.Debug|x86.ActiveCfg = Debug|Any CPU
		{6881B55D-75CD-4631-91EF-9C52FD0BD085}.Debug|x86.Build.0 = Debug|Any CPU
		{6881B55D-75CD-4631-91EF-9C52FD0BD085}.Release|Any CPU.ActiveCfg = Release|Any CPU
		{6881B55D-75CD-4631-91EF-9C52FD0BD085}.Release|Any CPU.Build.0 = Release|Any CPU
		{6881B55D-75CD-4631-91EF-9C52FD0BD085}.Release|x64.ActiveCfg = Release|Any CPU
		{6881B55D-75CD-4631-91EF-9C52FD0BD085}.Release|x64.Build.0 = Release|Any CPU
		{6881B55D-75CD-4631-91EF-9C52FD0BD085}.Release|x86.ActiveCfg = Release|Any CPU
		{6881B55D-75CD-4631-91EF-9C52FD0BD085}.Release|x86.Build.0 = Release|Any CPU
		{9D16AA55-556D-403F-99AE-D881EA126DE7}.Debug|Any CPU.ActiveCfg = Debug|Any CPU
		{9D16AA55-556D-403F-99AE-D881EA126DE7}.Debug|Any CPU.Build.0 = Debug|Any CPU
		{9D16AA55-556D-403F-99AE-D881EA126DE7}.Debug|x64.ActiveCfg = Debug|Any CPU
		{9D16AA55-556D-403F-99AE-D881EA126DE7}.Debug|x64.Build.0 = Debug|Any CPU
		{9D16AA55-556D-403F-99AE-D881EA126DE7}.Debug|x86.ActiveCfg = Debug|Any CPU
		{9D16AA55-556D-403F-99AE-D881EA126DE7}.Debug|x86.Build.0 = Debug|Any CPU
		{9D16AA55-556D-403F-99AE-D881EA126DE7}.Release|Any CPU.ActiveCfg = Release|Any CPU
		{9D16AA55-556D-403F-99AE-D881EA126DE7}.Release|Any CPU.Build.0 = Release|Any CPU
		{9D16AA55-556D-403F-99AE-D881EA126DE7}.Release|x64.ActiveCfg = Release|Any CPU
		{9D16AA55-556D-403F-99AE-D881EA126DE7}.Release|x64.Build.0 = Release|Any CPU
		{9D16AA55-556D-403F-99AE-D881EA126DE7}.Release|x86.ActiveCfg = Release|Any CPU
		{9D16AA55-556D-403F-99AE-D881EA126DE7}.Release|x86.Build.0 = Release|Any CPU
		{39DAD69B-303C-416C-B4FC-7DD2DF550FA2}.Debug|Any CPU.ActiveCfg = Debug|Any CPU
		{39DAD69B-303C-416C-B4FC-7DD2DF550FA2}.Debug|Any CPU.Build.0 = Debug|Any CPU
		{39DAD69B-303C-416C-B4FC-7DD2DF550FA2}.Debug|x64.ActiveCfg = Debug|Any CPU
		{39DAD69B-303C-416C-B4FC-7DD2DF550FA2}.Debug|x64.Build.0 = Debug|Any CPU
		{39DAD69B-303C-416C-B4FC-7DD2DF550FA2}.Debug|x86.ActiveCfg = Debug|Any CPU
		{39DAD69B-303C-416C-B4FC-7DD2DF550FA2}.Debug|x86.Build.0 = Debug|Any CPU
		{39DAD69B-303C-416C-B4FC-7DD2DF550FA2}.Release|Any CPU.ActiveCfg = Release|Any CPU
		{39DAD69B-303C-416C-B4FC-7DD2DF550FA2}.Release|Any CPU.Build.0 = Release|Any CPU
		{39DAD69B-303C-416C-B4FC-7DD2DF550FA2}.Release|x64.ActiveCfg = Release|Any CPU
		{39DAD69B-303C-416C-B4FC-7DD2DF550FA2}.Release|x64.Build.0 = Release|Any CPU
		{39DAD69B-303C-416C-B4FC-7DD2DF550FA2}.Release|x86.ActiveCfg = Release|Any CPU
		{39DAD69B-303C-416C-B4FC-7DD2DF550FA2}.Release|x86.Build.0 = Release|Any CPU
		{CFDE1CCC-E8C0-4ECD-BC1C-A316CD7B6B51}.Debug|Any CPU.ActiveCfg = Debug|Any CPU
		{CFDE1CCC-E8C0-4ECD-BC1C-A316CD7B6B51}.Debug|Any CPU.Build.0 = Debug|Any CPU
		{CFDE1CCC-E8C0-4ECD-BC1C-A316CD7B6B51}.Debug|x64.ActiveCfg = Debug|Any CPU
		{CFDE1CCC-E8C0-4ECD-BC1C-A316CD7B6B51}.Debug|x64.Build.0 = Debug|Any CPU
		{CFDE1CCC-E8C0-4ECD-BC1C-A316CD7B6B51}.Debug|x86.ActiveCfg = Debug|Any CPU
		{CFDE1CCC-E8C0-4ECD-BC1C-A316CD7B6B51}.Debug|x86.Build.0 = Debug|Any CPU
		{CFDE1CCC-E8C0-4ECD-BC1C-A316CD7B6B51}.Release|Any CPU.ActiveCfg = Release|Any CPU
		{CFDE1CCC-E8C0-4ECD-BC1C-A316CD7B6B51}.Release|Any CPU.Build.0 = Release|Any CPU
		{CFDE1CCC-E8C0-4ECD-BC1C-A316CD7B6B51}.Release|x64.ActiveCfg = Release|Any CPU
		{CFDE1CCC-E8C0-4ECD-BC1C-A316CD7B6B51}.Release|x64.Build.0 = Release|Any CPU
		{CFDE1CCC-E8C0-4ECD-BC1C-A316CD7B6B51}.Release|x86.ActiveCfg = Release|Any CPU
		{CFDE1CCC-E8C0-4ECD-BC1C-A316CD7B6B51}.Release|x86.Build.0 = Release|Any CPU
		{4659E210-E241-4FAD-8F76-5EAB329E46E8}.Debug|Any CPU.ActiveCfg = Debug|Any CPU
		{4659E210-E241-4FAD-8F76-5EAB329E46E8}.Debug|Any CPU.Build.0 = Debug|Any CPU
		{4659E210-E241-4FAD-8F76-5EAB329E46E8}.Debug|x64.ActiveCfg = Debug|Any CPU
		{4659E210-E241-4FAD-8F76-5EAB329E46E8}.Debug|x64.Build.0 = Debug|Any CPU
		{4659E210-E241-4FAD-8F76-5EAB329E46E8}.Debug|x86.ActiveCfg = Debug|Any CPU
		{4659E210-E241-4FAD-8F76-5EAB329E46E8}.Debug|x86.Build.0 = Debug|Any CPU
		{4659E210-E241-4FAD-8F76-5EAB329E46E8}.Release|Any CPU.ActiveCfg = Release|Any CPU
		{4659E210-E241-4FAD-8F76-5EAB329E46E8}.Release|Any CPU.Build.0 = Release|Any CPU
		{4659E210-E241-4FAD-8F76-5EAB329E46E8}.Release|x64.ActiveCfg = Release|Any CPU
		{4659E210-E241-4FAD-8F76-5EAB329E46E8}.Release|x64.Build.0 = Release|Any CPU
		{4659E210-E241-4FAD-8F76-5EAB329E46E8}.Release|x86.ActiveCfg = Release|Any CPU
		{4659E210-E241-4FAD-8F76-5EAB329E46E8}.Release|x86.Build.0 = Release|Any CPU
		{961B0557-447A-4E9E-839A-FFB70241DE0C}.Debug|Any CPU.ActiveCfg = Debug|Any CPU
		{961B0557-447A-4E9E-839A-FFB70241DE0C}.Debug|Any CPU.Build.0 = Debug|Any CPU
		{961B0557-447A-4E9E-839A-FFB70241DE0C}.Debug|x64.ActiveCfg = Debug|Any CPU
		{961B0557-447A-4E9E-839A-FFB70241DE0C}.Debug|x64.Build.0 = Debug|Any CPU
		{961B0557-447A-4E9E-839A-FFB70241DE0C}.Debug|x86.ActiveCfg = Debug|Any CPU
		{961B0557-447A-4E9E-839A-FFB70241DE0C}.Debug|x86.Build.0 = Debug|Any CPU
		{961B0557-447A-4E9E-839A-FFB70241DE0C}.Release|Any CPU.ActiveCfg = Release|Any CPU
		{961B0557-447A-4E9E-839A-FFB70241DE0C}.Release|Any CPU.Build.0 = Release|Any CPU
		{961B0557-447A-4E9E-839A-FFB70241DE0C}.Release|x64.ActiveCfg = Release|Any CPU
		{961B0557-447A-4E9E-839A-FFB70241DE0C}.Release|x64.Build.0 = Release|Any CPU
		{961B0557-447A-4E9E-839A-FFB70241DE0C}.Release|x86.ActiveCfg = Release|Any CPU
		{961B0557-447A-4E9E-839A-FFB70241DE0C}.Release|x86.Build.0 = Release|Any CPU
		{F330E22E-4E91-4A7A-A8CF-A68608E5DE7E}.Debug|Any CPU.ActiveCfg = Debug|Any CPU
		{F330E22E-4E91-4A7A-A8CF-A68608E5DE7E}.Debug|Any CPU.Build.0 = Debug|Any CPU
		{F330E22E-4E91-4A7A-A8CF-A68608E5DE7E}.Debug|x64.ActiveCfg = Debug|Any CPU
		{F330E22E-4E91-4A7A-A8CF-A68608E5DE7E}.Debug|x64.Build.0 = Debug|Any CPU
		{F330E22E-4E91-4A7A-A8CF-A68608E5DE7E}.Debug|x86.ActiveCfg = Debug|Any CPU
		{F330E22E-4E91-4A7A-A8CF-A68608E5DE7E}.Debug|x86.Build.0 = Debug|Any CPU
		{F330E22E-4E91-4A7A-A8CF-A68608E5DE7E}.Release|Any CPU.ActiveCfg = Release|Any CPU
		{F330E22E-4E91-4A7A-A8CF-A68608E5DE7E}.Release|Any CPU.Build.0 = Release|Any CPU
		{F330E22E-4E91-4A7A-A8CF-A68608E5DE7E}.Release|x64.ActiveCfg = Release|Any CPU
		{F330E22E-4E91-4A7A-A8CF-A68608E5DE7E}.Release|x64.Build.0 = Release|Any CPU
		{F330E22E-4E91-4A7A-A8CF-A68608E5DE7E}.Release|x86.ActiveCfg = Release|Any CPU
		{F330E22E-4E91-4A7A-A8CF-A68608E5DE7E}.Release|x86.Build.0 = Release|Any CPU
		{393E2178-F6C7-447F-9276-5A082D545BEC}.Debug|Any CPU.ActiveCfg = Debug|Any CPU
		{393E2178-F6C7-447F-9276-5A082D545BEC}.Debug|Any CPU.Build.0 = Debug|Any CPU
		{393E2178-F6C7-447F-9276-5A082D545BEC}.Debug|x64.ActiveCfg = Debug|Any CPU
		{393E2178-F6C7-447F-9276-5A082D545BEC}.Debug|x64.Build.0 = Debug|Any CPU
		{393E2178-F6C7-447F-9276-5A082D545BEC}.Debug|x86.ActiveCfg = Debug|Any CPU
		{393E2178-F6C7-447F-9276-5A082D545BEC}.Debug|x86.Build.0 = Debug|Any CPU
		{393E2178-F6C7-447F-9276-5A082D545BEC}.Release|Any CPU.ActiveCfg = Release|Any CPU
		{393E2178-F6C7-447F-9276-5A082D545BEC}.Release|Any CPU.Build.0 = Release|Any CPU
		{393E2178-F6C7-447F-9276-5A082D545BEC}.Release|x64.ActiveCfg = Release|Any CPU
		{393E2178-F6C7-447F-9276-5A082D545BEC}.Release|x64.Build.0 = Release|Any CPU
		{393E2178-F6C7-447F-9276-5A082D545BEC}.Release|x86.ActiveCfg = Release|Any CPU
		{393E2178-F6C7-447F-9276-5A082D545BEC}.Release|x86.Build.0 = Release|Any CPU
	EndGlobalSection
	GlobalSection(SolutionProperties) = preSolution
		HideSolutionNode = FALSE
	EndGlobalSection
	GlobalSection(NestedProjects) = preSolution
		{59951461-219C-4709-A3D5-CDB6A9BC61C8} = {056F8889-176F-49F9-90E6-6DF15979BF7B}
		{0278FE29-B083-487E-84E9-B39448F261C8} = {056F8889-176F-49F9-90E6-6DF15979BF7B}
		{2D9A723A-051C-43BC-8C20-23E28275BB1F} = {F7394BE6-EFB1-4E3A-B6B7-221BAF45E21B}
		{5C2EAAD8-934D-4F4A-8C40-F21E5DCC8E65} = {F7394BE6-EFB1-4E3A-B6B7-221BAF45E21B}
		{0607434B-FFBA-4B49-843A-F62E9A1138B2} = {F7394BE6-EFB1-4E3A-B6B7-221BAF45E21B}
		{DD3986BD-6B00-4E5F-9BE3-E44D09541747} = {F7394BE6-EFB1-4E3A-B6B7-221BAF45E21B}
		{54E22530-3F8C-4FC7-ACD6-5768AAED09B7} = {056F8889-176F-49F9-90E6-6DF15979BF7B}
		{93969145-3F44-4E49-8232-2C4155E4FEFE} = {056F8889-176F-49F9-90E6-6DF15979BF7B}
		{9289782F-A018-4298-8261-517DF9281FAC} = {056F8889-176F-49F9-90E6-6DF15979BF7B}
	EndGlobalSection
	GlobalSection(ExtensibilityGlobals) = postSolution
		SolutionGuid = {738C7570-7906-4ADA-81DB-D98A28A83C40}
	EndGlobalSection
EndGlobal
